
Microsoft Visual Studio Solution File, Format Version 12.00
# Visual Studio 15
VisualStudioVersion = 15.0.28010.2016
MinimumVisualStudioVersion = 10.0.40219.1
Project("{9A19103F-16F7-4668-BE54-9A1E7A4F7556}") = "Consumer", "Consumer.csproj", "{EF87E56D-6425-41CF-952B-300AFC94BFA0}"
EndProject
Global
	GlobalSection(SolutionConfigurationPlatforms) = preSolution
		Debug|Any CPU = Debug|Any CPU
		Release|Any CPU = Release|Any CPU
	EndGlobalSection
	GlobalSection(ProjectConfigurationPlatforms) = postSolution
		{EF87E56D-6425-41CF-952B-300AFC94BFA0}.Debug|Any CPU.ActiveCfg = Debug|Any CPU
		{EF87E56D-6425-41CF-952B-300AFC94BFA0}.Debug|Any CPU.Build.0 = Debug|Any CPU
		{EF87E56D-6425-41CF-952B-300AFC94BFA0}.Release|Any CPU.ActiveCfg = Release|Any CPU
		{EF87E56D-6425-41CF-952B-300AFC94BFA0}.Release|Any CPU.Build.0 = Release|Any CPU
	EndGlobalSection
	GlobalSection(SolutionProperties) = preSolution
		HideSolutionNode = FALSE
	EndGlobalSection
	GlobalSection(ExtensibilityGlobals) = postSolution
		SolutionGuid = {B634B9DF-88EA-44D3-A7B2-98A6E93616A9}
	EndGlobalSection
EndGlobal
