
Microsoft Visual Studio Solution File, Format Version 12.00
# Visual Studio 15
VisualStudioVersion = 15.0.28010.2016
MinimumVisualStudioVersion = 10.0.40219.1
Project("{9A19103F-16F7-4668-BE54-9A1E7A4F7556}") = "Provider.Api.Web", "Provider.Api.Web.csproj", "{5B90D1A8-CF0B-4CD4-9B32-A55BFC72A41A}"
EndProject
Global
	GlobalSection(SolutionConfigurationPlatforms) = preSolution
		Debug|Any CPU = Debug|Any CPU
		Release|Any CPU = Release|Any CPU
	EndGlobalSection
	GlobalSection(ProjectConfigurationPlatforms) = postSolution
		{5B90D1A8-CF0B-4CD4-9B32-A55BFC72A41A}.Debug|Any CPU.ActiveCfg = Debug|Any CPU
		{5B90D1A8-CF0B-4CD4-9B32-A55BFC72A41A}.Debug|Any CPU.Build.0 = Debug|Any CPU
		{5B90D1A8-CF0B-4CD4-9B32-A55BFC72A41A}.Release|Any CPU.ActiveCfg = Release|Any CPU
		{5B90D1A8-CF0B-4CD4-9B32-A55BFC72A41A}.Release|Any CPU.Build.0 = Release|Any CPU
	EndGlobalSection
	GlobalSection(SolutionProperties) = preSolution
		HideSolutionNode = FALSE
	EndGlobalSection
	GlobalSection(ExtensibilityGlobals) = postSolution
		SolutionGuid = {D3ABF8FE-4A0C-48E3-9FBF-252DD8C16AA6}
	EndGlobalSection
EndGlobal
