
Microsoft Visual Studio Solution File, Format Version 12.00
# Visual Studio 15
VisualStudioVersion = 15.0.28010.2016
MinimumVisualStudioVersion = 10.0.40219.1
Project("{9A19103F-16F7-4668-BE54-9A1E7A4F7556}") = "Provider.Api.Web.Tests", "Provider.Api.Web.Tests.csproj", "{45BF1AF3-6FA7-4DC5-90AB-819991EFA509}"
EndProject
Project("{9A19103F-16F7-4668-BE54-9A1E7A4F7556}") = "Provider.Api.Web", "..\Provider.Api.Web\Provider.Api.Web.csproj", "{5C881E10-1555-427A-81B2-EE3A63D69F0E}"
EndProject
Global
	GlobalSection(SolutionConfigurationPlatforms) = preSolution
		Debug|Any CPU = Debug|Any CPU
		Release|Any CPU = Release|Any CPU
	EndGlobalSection
	GlobalSection(ProjectConfigurationPlatforms) = postSolution
		{45BF1AF3-6FA7-4DC5-90AB-819991EFA509}.Debug|Any CPU.ActiveCfg = Debug|Any CPU
		{45BF1AF3-6FA7-4DC5-90AB-819991EFA509}.Debug|Any CPU.Build.0 = Debug|Any CPU
		{45BF1AF3-6FA7-4DC5-90AB-819991EFA509}.Release|Any CPU.ActiveCfg = Release|Any CPU
		{45BF1AF3-6FA7-4DC5-90AB-819991EFA509}.Release|Any CPU.Build.0 = Release|Any CPU
		{5C881E10-1555-427A-81B2-EE3A63D69F0E}.Debug|Any CPU.ActiveCfg = Debug|Any CPU
		{5C881E10-1555-427A-81B2-EE3A63D69F0E}.Debug|Any CPU.Build.0 = Debug|Any CPU
		{5C881E10-1555-427A-81B2-EE3A63D69F0E}.Release|Any CPU.ActiveCfg = Release|Any CPU
		{5C881E10-1555-427A-81B2-EE3A63D69F0E}.Release|Any CPU.Build.0 = Release|Any CPU
	EndGlobalSection
	GlobalSection(SolutionProperties) = preSolution
		HideSolutionNode = FALSE
	EndGlobalSection
	GlobalSection(ExtensibilityGlobals) = postSolution
		SolutionGuid = {0F7A976B-136C-4650-B503-2C6E665B291A}
	EndGlobalSection
EndGlobal
